# THIS IS AN AUTOGENERATED FILE. DO NOT EDIT THIS FILE DIRECTLY.
# yarn lockfile v1


"argparse@^2.0.1":
  "integrity" "sha512-8+9WqebbFzpX9OR+Wa6O29asIogeRMzcGtAINdpMHHyAg10f05aSFVBbcEqGf/PXw1EjAZ+q2/bEBg3DvurK3Q=="
  "resolved" "https://registry.npmjs.org/argparse/-/argparse-2.0.1.tgz"
  "version" "2.0.1"

"sql-formatter@^7.0.1":
  "integrity" "sha512-8YsnJowfW01iClXzpyBSbUbGO9qU6uGbt1alRtj0EaigZ+temgdMCteui9ciCs7qOzbRYiVwpw6Gd5Ld3ap+Hw=="
  "resolved" "https://registry.npmjs.org/sql-formatter/-/sql-formatter-7.0.1.tgz"
  "version" "7.0.1"
  dependencies:
    "argparse" "^2.0.1"
